{
  "name": "test",
  "version": "1.0.0",
  "lockfileVersion": 1,
  "requires": true,
  "dependencies": {
    "adomper-frame-print": {
      "version": "1.0.0",
      "resolved": "https://registry.npmjs.org/adomper-frame-print/-/adomper-frame-print-1.0.0.tgz",
      "integrity": "sha512-zFjUPXdtiy+C/4zoj1TAW9UVR8tvOvbCHLt6UXf3fa8IcQHQIlBEAwgD92RLKgGLw4r3yGXi8h4FQb4W00AV+w=="
    }
  }
}
